
Microsoft Visual Studio Solution File, Format Version 12.00
# Visual Studio Version 17
VisualStudioVersion = 17.6.33723.286
MinimumVisualStudioVersion = 10.0.40219.1
Project("{9A19103F-16F7-4668-BE54-9A1E7A4F7556}") = "Hospital-System", "Hospital-System\Hospital-System.csproj", "{FB71A02C-E92B-4A6C-BD8A-440F382EC6F8}"
EndProject
Project("{FAE04EC0-301F-11D3-BF4B-00C04F79EFBC}") = "TestProject1", "TestProject1\TestProject1.csproj", "{EEE3CAFB-9246-41BF-989F-B9517F13B69B}"
EndProject
Global
	GlobalSection(SolutionConfigurationPlatforms) = preSolution
		Debug|Any CPU = Debug|Any CPU
		Release|Any CPU = Release|Any CPU
	EndGlobalSection
	GlobalSection(ProjectConfigurationPlatforms) = postSolution
		{FB71A02C-E92B-4A6C-BD8A-440F382EC6F8}.Debug|Any CPU.ActiveCfg = Debug|Any CPU
		{FB71A02C-E92B-4A6C-BD8A-440F382EC6F8}.Debug|Any CPU.Build.0 = Debug|Any CPU
		{FB71A02C-E92B-4A6C-BD8A-440F382EC6F8}.Release|Any CPU.ActiveCfg = Release|Any CPU
		{FB71A02C-E92B-4A6C-BD8A-440F382EC6F8}.Release|Any CPU.Build.0 = Release|Any CPU
		{EEE3CAFB-9246-41BF-989F-B9517F13B69B}.Debug|Any CPU.ActiveCfg = Debug|Any CPU
		{EEE3CAFB-9246-41BF-989F-B9517F13B69B}.Debug|Any CPU.Build.0 = Debug|Any CPU
		{EEE3CAFB-9246-41BF-989F-B9517F13B69B}.Release|Any CPU.ActiveCfg = Release|Any CPU
		{EEE3CAFB-9246-41BF-989F-B9517F13B69B}.Release|Any CPU.Build.0 = Release|Any CPU
	EndGlobalSection
	GlobalSection(SolutionProperties) = preSolution
		HideSolutionNode = FALSE
	EndGlobalSection
	GlobalSection(ExtensibilityGlobals) = postSolution
		SolutionGuid = {6D64A658-F8ED-4DD8-B989-1F77CCAD5FE1}
	EndGlobalSection
EndGlobal
